
Microsoft Visual Studio Solution File, Format Version 12.00
# Visual Studio Version 17
VisualStudioVersion = 17.0.31903.59
MinimumVisualStudioVersion = 10.0.40219.1
Project("{2150E333-8FDC-42A3-9474-1A3956D46DE8}") = "src", "src", "{827E0CD3-B72D-47B6-A68D-7590B98EB39B}"
EndProject
Project("{FAE04EC0-301F-11D3-BF4B-00C04F79EFBC}") = "DynamicPlanningAI.Abstractions", "src\DynamicPlanningAI.Abstractions\DynamicPlanningAI.Abstractions.csproj", "{F7C6F65F-0F51-4585-B774-7FCBEF218A7B}"
EndProject
Project("{FAE04EC0-301F-11D3-BF4B-00C04F79EFBC}") = "DynamicPlanningAI.Runtime", "src\DynamicPlanningAI.Runtime\DynamicPlanningAI.Runtime.csproj", "{C56E317B-7BB7-4B47-84DB-EC691F705840}"
EndProject
Project("{FAE04EC0-301F-11D3-BF4B-00C04F79EFBC}") = "DynamicPlanningAI.Configuration", "src\DynamicPlanningAI.Configuration\DynamicPlanningAI.Configuration.csproj", "{B303FFCC-3575-4F95-8AD4-B3129120C5C2}"
EndProject
Project("{FAE04EC0-301F-11D3-BF4B-00C04F79EFBC}") = "DynamicPlanningAI.Diagnostics", "src\DynamicPlanningAI.Diagnostics\DynamicPlanningAI.Diagnostics.csproj", "{89FA2A7A-A95E-4E38-86C3-ED6CBE360161}"
EndProject
Project("{FAE04EC0-301F-11D3-BF4B-00C04F79EFBC}") = "DynamicPlanningAI.Sample", "src\DynamicPlanningAI.Sample\DynamicPlanningAI.Sample.csproj", "{F92EF48A-CD50-4FD8-A361-EA5187FD7BDB}"
EndProject
Project("{2150E333-8FDC-42A3-9474-1A3956D46DE8}") = "tests", "tests", "{0AB3BF05-4346-4AA6-1389-037BE0695223}"
EndProject
Project("{FAE04EC0-301F-11D3-BF4B-00C04F79EFBC}") = "DynamicPlanningAI.UnitTests", "tests\DynamicPlanningAI.UnitTests\DynamicPlanningAI.UnitTests.csproj", "{877B9474-A220-49A5-AB73-B53C174D6B5F}"
EndProject
Project("{FAE04EC0-301F-11D3-BF4B-00C04F79EFBC}") = "DynamicPlanningAI.IntegrationTests", "tests\DynamicPlanningAI.IntegrationTests\DynamicPlanningAI.IntegrationTests.csproj", "{AA9B19D7-BC58-4ACD-ABEC-CAFE4A7FE30F}"
EndProject
Project("{FAE04EC0-301F-11D3-BF4B-00C04F79EFBC}") = "DynamicPlanningAI.ArchitectureTests", "tests\DynamicPlanningAI.ArchitectureTests\DynamicPlanningAI.ArchitectureTests.csproj", "{B55F200F-195A-4CE0-B4FC-E157E5470B8D}"
EndProject
Project("{FAE04EC0-301F-11D3-BF4B-00C04F79EFBC}") = "DynamicPlanningAI.SimulationTests", "tests\DynamicPlanningAI.SimulationTests\DynamicPlanningAI.SimulationTests.csproj", "{E240DFA5-8E42-4529-BC8A-F4536C7B1CC3}"
EndProject
Project("{2150E333-8FDC-42A3-9474-1A3956D46DE8}") = "tools", "tools", "{07C2787E-EAC7-C090-1BA3-A61EC2A24D84}"
EndProject
Project("{FAE04EC0-301F-11D3-BF4B-00C04F79EFBC}") = "DynamicPlanningAI.Audit", "tools\DynamicPlanningAI.Audit\DynamicPlanningAI.Audit.csproj", "{BE7898F3-C24B-42C8-9B32-CDEC6AD50723}"
EndProject
Global
	GlobalSection(SolutionConfigurationPlatforms) = preSolution
		Debug|Any CPU = Debug|Any CPU
		Debug|x64 = Debug|x64
		Debug|x86 = Debug|x86
		Release|Any CPU = Release|Any CPU
		Release|x64 = Release|x64
		Release|x86 = Release|x86
	EndGlobalSection
	GlobalSection(ProjectConfigurationPlatforms) = postSolution
		{F7C6F65F-0F51-4585-B774-7FCBEF218A7B}.Debug|Any CPU.ActiveCfg = Debug|Any CPU
		{F7C6F65F-0F51-4585-B774-7FCBEF218A7B}.Debug|Any CPU.Build.0 = Debug|Any CPU
		{F7C6F65F-0F51-4585-B774-7FCBEF218A7B}.Debug|x64.ActiveCfg = Debug|Any CPU
		{F7C6F65F-0F51-4585-B774-7FCBEF218A7B}.Debug|x64.Build.0 = Debug|Any CPU
		{F7C6F65F-0F51-4585-B774-7FCBEF218A7B}.Debug|x86.ActiveCfg = Debug|Any CPU
		{F7C6F65F-0F51-4585-B774-7FCBEF218A7B}.Debug|x86.Build.0 = Debug|Any CPU
		{F7C6F65F-0F51-4585-B774-7FCBEF218A7B}.Release|Any CPU.ActiveCfg = Release|Any CPU
		{F7C6F65F-0F51-4585-B774-7FCBEF218A7B}.Release|Any CPU.Build.0 = Release|Any CPU
		{F7C6F65F-0F51-4585-B774-7FCBEF218A7B}.Release|x64.ActiveCfg = Release|Any CPU
		{F7C6F65F-0F51-4585-B774-7FCBEF218A7B}.Release|x64.Build.0 = Release|Any CPU
		{F7C6F65F-0F51-4585-B774-7FCBEF218A7B}.Release|x86.ActiveCfg = Release|Any CPU
		{F7C6F65F-0F51-4585-B774-7FCBEF218A7B}.Release|x86.Build.0 = Release|Any CPU
		{C56E317B-7BB7-4B47-84DB-EC691F705840}.Debug|Any CPU.ActiveCfg = Debug|Any CPU
		{C56E317B-7BB7-4B47-84DB-EC691F705840}.Debug|Any CPU.Build.0 = Debug|Any CPU
		{C56E317B-7BB7-4B47-84DB-EC691F705840}.Debug|x64.ActiveCfg = Debug|Any CPU
		{C56E317B-7BB7-4B47-84DB-EC691F705840}.Debug|x64.Build.0 = Debug|Any CPU
		{C56E317B-7BB7-4B47-84DB-EC691F705840}.Debug|x86.ActiveCfg = Debug|Any CPU
		{C56E317B-7BB7-4B47-84DB-EC691F705840}.Debug|x86.Build.0 = Debug|Any CPU
		{C56E317B-7BB7-4B47-84DB-EC691F705840}.Release|Any CPU.ActiveCfg = Release|Any CPU
		{C56E317B-7BB7-4B47-84DB-EC691F705840}.Release|Any CPU.Build.0 = Release|Any CPU
		{C56E317B-7BB7-4B47-84DB-EC691F705840}.Release|x64.ActiveCfg = Release|Any CPU
		{C56E317B-7BB7-4B47-84DB-EC691F705840}.Release|x64.Build.0 = Release|Any CPU
		{C56E317B-7BB7-4B47-84DB-EC691F705840}.Release|x86.ActiveCfg = Release|Any CPU
		{C56E317B-7BB7-4B47-84DB-EC691F705840}.Release|x86.Build.0 = Release|Any CPU
		{B303FFCC-3575-4F95-8AD4-B3129120C5C2}.Debug|Any CPU.ActiveCfg = Debug|Any CPU
		{B303FFCC-3575-4F95-8AD4-B3129120C5C2}.Debug|Any CPU.Build.0 = Debug|Any CPU
		{B303FFCC-3575-4F95-8AD4-B3129120C5C2}.Debug|x64.ActiveCfg = Debug|Any CPU
		{B303FFCC-3575-4F95-8AD4-B3129120C5C2}.Debug|x64.Build.0 = Debug|Any CPU
		{B303FFCC-3575-4F95-8AD4-B3129120C5C2}.Debug|x86.ActiveCfg = Debug|Any CPU
		{B303FFCC-3575-4F95-8AD4-B3129120C5C2}.Debug|x86.Build.0 = Debug|Any CPU
		{B303FFCC-3575-4F95-8AD4-B3129120C5C2}.Release|Any CPU.ActiveCfg = Release|Any CPU
		{B303FFCC-3575-4F95-8AD4-B3129120C5C2}.Release|Any CPU.Build.0 = Release|Any CPU
		{B303FFCC-3575-4F95-8AD4-B3129120C5C2}.Release|x64.ActiveCfg = Release|Any CPU
		{B303FFCC-3575-4F95-8AD4-B3129120C5C2}.Release|x64.Build.0 = Release|Any CPU
		{B303FFCC-3575-4F95-8AD4-B3129120C5C2}.Release|x86.ActiveCfg = Release|Any CPU
		{B303FFCC-3575-4F95-8AD4-B3129120C5C2}.Release|x86.Build.0 = Release|Any CPU
		{89FA2A7A-A95E-4E38-86C3-ED6CBE360161}.Debug|Any CPU.ActiveCfg = Debug|Any CPU
		{89FA2A7A-A95E-4E38-86C3-ED6CBE360161}.Debug|Any CPU.Build.0 = Debug|Any CPU
		{89FA2A7A-A95E-4E38-86C3-ED6CBE360161}.Debug|x64.ActiveCfg = Debug|Any CPU
		{89FA2A7A-A95E-4E38-86C3-ED6CBE360161}.Debug|x64.Build.0 = Debug|Any CPU
		{89FA2A7A-A95E-4E38-86C3-ED6CBE360161}.Debug|x86.ActiveCfg = Debug|Any CPU
		{89FA2A7A-A95E-4E38-86C3-ED6CBE360161}.Debug|x86.Build.0 = Debug|Any CPU
		{89FA2A7A-A95E-4E38-86C3-ED6CBE360161}.Release|Any CPU.ActiveCfg = Release|Any CPU
		{89FA2A7A-A95E-4E38-86C3-ED6CBE360161}.Release|Any CPU.Build.0 = Release|Any CPU
		{89FA2A7A-A95E-4E38-86C3-ED6CBE360161}.Release|x64.ActiveCfg = Release|Any CPU
		{89FA2A7A-A95E-4E38-86C3-ED6CBE360161}.Release|x64.Build.0 = Release|Any CPU
		{89FA2A7A-A95E-4E38-86C3-ED6CBE360161}.Release|x86.ActiveCfg = Release|Any CPU
		{89FA2A7A-A95E-4E38-86C3-ED6CBE360161}.Release|x86.Build.0 = Release|Any CPU
		{F92EF48A-CD50-4FD8-A361-EA5187FD7BDB}.Debug|Any CPU.ActiveCfg = Debug|Any CPU
		{F92EF48A-CD50-4FD8-A361-EA5187FD7BDB}.Debug|Any CPU.Build.0 = Debug|Any CPU
		{F92EF48A-CD50-4FD8-A361-EA5187FD7BDB}.Debug|x64.ActiveCfg = Debug|Any CPU
		{F92EF48A-CD50-4FD8-A361-EA5187FD7BDB}.Debug|x64.Build.0 = Debug|Any CPU
		{F92EF48A-CD50-4FD8-A361-EA5187FD7BDB}.Debug|x86.ActiveCfg = Debug|Any CPU
		{F92EF48A-CD50-4FD8-A361-EA5187FD7BDB}.Debug|x86.Build.0 = Debug|Any CPU
		{F92EF48A-CD50-4FD8-A361-EA5187FD7BDB}.Release|Any CPU.ActiveCfg = Release|Any CPU
		{F92EF48A-CD50-4FD8-A361-EA5187FD7BDB}.Release|Any CPU.Build.0 = Release|Any CPU
		{F92EF48A-CD50-4FD8-A361-EA5187FD7BDB}.Release|x64.ActiveCfg = Release|Any CPU
		{F92EF48A-CD50-4FD8-A361-EA5187FD7BDB}.Release|x64.Build.0 = Release|Any CPU
		{F92EF48A-CD50-4FD8-A361-EA5187FD7BDB}.Release|x86.ActiveCfg = Release|Any CPU
		{F92EF48A-CD50-4FD8-A361-EA5187FD7BDB}.Release|x86.Build.0 = Release|Any CPU
		{877B9474-A220-49A5-AB73-B53C174D6B5F}.Debug|Any CPU.ActiveCfg = Debug|Any CPU
		{877B9474-A220-49A5-AB73-B53C174D6B5F}.Debug|Any CPU.Build.0 = Debug|Any CPU
		{877B9474-A220-49A5-AB73-B53C174D6B5F}.Debug|x64.ActiveCfg = Debug|Any CPU
		{877B9474-A220-49A5-AB73-B53C174D6B5F}.Debug|x64.Build.0 = Debug|Any CPU
		{877B9474-A220-49A5-AB73-B53C174D6B5F}.Debug|x86.ActiveCfg = Debug|Any CPU
		{877B9474-A220-49A5-AB73-B53C174D6B5F}.Debug|x86.Build.0 = Debug|Any CPU
		{877B9474-A220-49A5-AB73-B53C174D6B5F}.Release|Any CPU.ActiveCfg = Release|Any CPU
		{877B9474-A220-49A5-AB73-B53C174D6B5F}.Release|Any CPU.Build.0 = Release|Any CPU
		{877B9474-A220-49A5-AB73-B53C174D6B5F}.Release|x64.ActiveCfg = Release|Any CPU
		{877B9474-A220-49A5-AB73-B53C174D6B5F}.Release|x64.Build.0 = Release|Any CPU
		{877B9474-A220-49A5-AB73-B53C174D6B5F}.Release|x86.ActiveCfg = Release|Any CPU
		{877B9474-A220-49A5-AB73-B53C174D6B5F}.Release|x86.Build.0 = Release|Any CPU
		{AA9B19D7-BC58-4ACD-ABEC-CAFE4A7FE30F}.Debug|Any CPU.ActiveCfg = Debug|Any CPU
		{AA9B19D7-BC58-4ACD-ABEC-CAFE4A7FE30F}.Debug|Any CPU.Build.0 = Debug|Any CPU
		{AA9B19D7-BC58-4ACD-ABEC-CAFE4A7FE30F}.Debug|x64.ActiveCfg = Debug|Any CPU
		{AA9B19D7-BC58-4ACD-ABEC-CAFE4A7FE30F}.Debug|x64.Build.0 = Debug|Any CPU
		{AA9B19D7-BC58-4ACD-ABEC-CAFE4A7FE30F}.Debug|x86.ActiveCfg = Debug|Any CPU
		{AA9B19D7-BC58-4ACD-ABEC-CAFE4A7FE30F}.Debug|x86.Build.0 = Debug|Any CPU
		{AA9B19D7-BC58-4ACD-ABEC-CAFE4A7FE30F}.Release|Any CPU.ActiveCfg = Release|Any CPU
		{AA9B19D7-BC58-4ACD-ABEC-CAFE4A7FE30F}.Release|Any CPU.Build.0 = Release|Any CPU
		{AA9B19D7-BC58-4ACD-ABEC-CAFE4A7FE30F}.Release|x64.ActiveCfg = Release|Any CPU
		{AA9B19D7-BC58-4ACD-ABEC-CAFE4A7FE30F}.Release|x64.Build.0 = Release|Any CPU
		{AA9B19D7-BC58-4ACD-ABEC-CAFE4A7FE30F}.Release|x86.ActiveCfg = Release|Any CPU
		{AA9B19D7-BC58-4ACD-ABEC-CAFE4A7FE30F}.Release|x86.Build.0 = Release|Any CPU
		{B55F200F-195A-4CE0-B4FC-E157E5470B8D}.Debug|Any CPU.ActiveCfg = Debug|Any CPU
		{B55F200F-195A-4CE0-B4FC-E157E5470B8D}.Debug|Any CPU.Build.0 = Debug|Any CPU
		{B55F200F-195A-4CE0-B4FC-E157E5470B8D}.Debug|x64.ActiveCfg = Debug|Any CPU
		{B55F200F-195A-4CE0-B4FC-E157E5470B8D}.Debug|x64.Build.0 = Debug|Any CPU
		{B55F200F-195A-4CE0-B4FC-E157E5470B8D}.Debug|x86.ActiveCfg = Debug|Any CPU
		{B55F200F-195A-4CE0-B4FC-E157E5470B8D}.Debug|x86.Build.0 = Debug|Any CPU
		{B55F200F-195A-4CE0-B4FC-E157E5470B8D}.Release|Any CPU.ActiveCfg = Release|Any CPU
		{B55F200F-195A-4CE0-B4FC-E157E5470B8D}.Release|Any CPU.Build.0 = Release|Any CPU
		{B55F200F-195A-4CE0-B4FC-E157E5470B8D}.Release|x64.ActiveCfg = Release|Any CPU
		{B55F200F-195A-4CE0-B4FC-E157E5470B8D}.Release|x64.Build.0 = Release|Any CPU
		{B55F200F-195A-4CE0-B4FC-E157E5470B8D}.Release|x86.ActiveCfg = Release|Any CPU
		{B55F200F-195A-4CE0-B4FC-E157E5470B8D}.Release|x86.Build.0 = Release|Any CPU
		{E240DFA5-8E42-4529-BC8A-F4536C7B1CC3}.Debug|Any CPU.ActiveCfg = Debug|Any CPU
		{E240DFA5-8E42-4529-BC8A-F4536C7B1CC3}.Debug|Any CPU.Build.0 = Debug|Any CPU
		{E240DFA5-8E42-4529-BC8A-F4536C7B1CC3}.Debug|x64.ActiveCfg = Debug|Any CPU
		{E240DFA5-8E42-4529-BC8A-F4536C7B1CC3}.Debug|x64.Build.0 = Debug|Any CPU
		{E240DFA5-8E42-4529-BC8A-F4536C7B1CC3}.Debug|x86.ActiveCfg = Debug|Any CPU
		{E240DFA5-8E42-4529-BC8A-F4536C7B1CC3}.Debug|x86.Build.0 = Debug|Any CPU
		{E240DFA5-8E42-4529-BC8A-F4536C7B1CC3}.Release|Any CPU.ActiveCfg = Release|Any CPU
		{E240DFA5-8E42-4529-BC8A-F4536C7B1CC3}.Release|Any CPU.Build.0 = Release|Any CPU
		{E240DFA5-8E42-4529-BC8A-F4536C7B1CC3}.Release|x64.ActiveCfg = Release|Any CPU
		{E240DFA5-8E42-4529-BC8A-F4536C7B1CC3}.Release|x64.Build.0 = Release|Any CPU
		{E240DFA5-8E42-4529-BC8A-F4536C7B1CC3}.Release|x86.ActiveCfg = Release|Any CPU
		{E240DFA5-8E42-4529-BC8A-F4536C7B1CC3}.Release|x86.Build.0 = Release|Any CPU
		{BE7898F3-C24B-42C8-9B32-CDEC6AD50723}.Debug|Any CPU.ActiveCfg = Debug|Any CPU
		{BE7898F3-C24B-42C8-9B32-CDEC6AD50723}.Debug|Any CPU.Build.0 = Debug|Any CPU
		{BE7898F3-C24B-42C8-9B32-CDEC6AD50723}.Debug|x64.ActiveCfg = Debug|Any CPU
		{BE7898F3-C24B-42C8-9B32-CDEC6AD50723}.Debug|x64.Build.0 = Debug|Any CPU
		{BE7898F3-C24B-42C8-9B32-CDEC6AD50723}.Debug|x86.ActiveCfg = Debug|Any CPU
		{BE7898F3-C24B-42C8-9B32-CDEC6AD50723}.Debug|x86.Build.0 = Debug|Any CPU
		{BE7898F3-C24B-42C8-9B32-CDEC6AD50723}.Release|Any CPU.ActiveCfg = Release|Any CPU
		{BE7898F3-C24B-42C8-9B32-CDEC6AD50723}.Release|Any CPU.Build.0 = Release|Any CPU
		{BE7898F3-C24B-42C8-9B32-CDEC6AD50723}.Release|x64.ActiveCfg = Release|Any CPU
		{BE7898F3-C24B-42C8-9B32-CDEC6AD50723}.Release|x64.Build.0 = Release|Any CPU
		{BE7898F3-C24B-42C8-9B32-CDEC6AD50723}.Release|x86.ActiveCfg = Release|Any CPU
		{BE7898F3-C24B-42C8-9B32-CDEC6AD50723}.Release|x86.Build.0 = Release|Any CPU
	EndGlobalSection
	GlobalSection(SolutionProperties) = preSolution
		HideSolutionNode = FALSE
	EndGlobalSection
	GlobalSection(NestedProjects) = preSolution
		{F7C6F65F-0F51-4585-B774-7FCBEF218A7B} = {827E0CD3-B72D-47B6-A68D-7590B98EB39B}
		{C56E317B-7BB7-4B47-84DB-EC691F705840} = {827E0CD3-B72D-47B6-A68D-7590B98EB39B}
		{B303FFCC-3575-4F95-8AD4-B3129120C5C2} = {827E0CD3-B72D-47B6-A68D-7590B98EB39B}
		{89FA2A7A-A95E-4E38-86C3-ED6CBE360161} = {827E0CD3-B72D-47B6-A68D-7590B98EB39B}
		{F92EF48A-CD50-4FD8-A361-EA5187FD7BDB} = {827E0CD3-B72D-47B6-A68D-7590B98EB39B}
		{877B9474-A220-49A5-AB73-B53C174D6B5F} = {0AB3BF05-4346-4AA6-1389-037BE0695223}
		{AA9B19D7-BC58-4ACD-ABEC-CAFE4A7FE30F} = {0AB3BF05-4346-4AA6-1389-037BE0695223}
		{B55F200F-195A-4CE0-B4FC-E157E5470B8D} = {0AB3BF05-4346-4AA6-1389-037BE0695223}
		{E240DFA5-8E42-4529-BC8A-F4536C7B1CC3} = {0AB3BF05-4346-4AA6-1389-037BE0695223}
		{BE7898F3-C24B-42C8-9B32-CDEC6AD50723} = {07C2787E-EAC7-C090-1BA3-A61EC2A24D84}
	EndGlobalSection
EndGlobal
